
Microsoft Visual Studio Solution File, Format Version 12.00
# Visual Studio 15
VisualStudioVersion = 15.0.28307.1401
MinimumVisualStudioVersion = 10.0.40219.1
Project("{8BC9CEB8-8B4A-11D0-8D11-00A0C91BC942}") = "Sort", "Sort\Sort.vcxproj", "{D82EFE4A-EB7F-4B41-A323-DFDC29028193}"
EndProject
Global
	GlobalSection(SolutionConfigurationPlatforms) = preSolution
		Debug|x64 = Debug|x64
		Debug|x86 = Debug|x86
		Release|x64 = Release|x64
		Release|x86 = Release|x86
	EndGlobalSection
	GlobalSection(ProjectConfigurationPlatforms) = postSolution
		{D82EFE4A-EB7F-4B41-A323-DFDC29028193}.Debug|x64.ActiveCfg = Debug|x64
		{D82EFE4A-EB7F-4B41-A323-DFDC29028193}.Debug|x64.Build.0 = Debug|x64
		{D82EFE4A-EB7F-4B41-A323-DFDC29028193}.Debug|x86.ActiveCfg = Debug|Win32
		{D82EFE4A-EB7F-4B41-A323-DFDC29028193}.Debug|x86.Build.0 = Debug|Win32
		{D82EFE4A-EB7F-4B41-A323-DFDC29028193}.Release|x64.ActiveCfg = Release|x64
		{D82EFE4A-EB7F-4B41-A323-DFDC29028193}.Release|x64.Build.0 = Release|x64
		{D82EFE4A-EB7F-4B41-A323-DFDC29028193}.Release|x86.ActiveCfg = Release|Win32
		{D82EFE4A-EB7F-4B41-A323-DFDC29028193}.Release|x86.Build.0 = Release|Win32
	EndGlobalSection
	GlobalSection(SolutionProperties) = preSolution
		HideSolutionNode = FALSE
	EndGlobalSection
	GlobalSection(ExtensibilityGlobals) = postSolution
		SolutionGuid = {A85BE923-07A4-4F64-BD2C-68EFE28C7DC2}
	EndGlobalSection
EndGlobal
